// !$*UTF8*$!
{
	archiveVersion = 1;
	classes = {
	};
	objectVersion = 46;
	objects = {

/* Begin PBXBuildFile section */
		60A18D161E64CB5C00C8205E /* AppDelegate.swift in Sources */ = {isa = PBXBuildFile; fileRef = 60A18D151E64CB5C00C8205E /* AppDelegate.swift */; };
		60A18D181E64CB5C00C8205E /* ViewController.swift in Sources */ = {isa = PBXBuildFile; fileRef = 60A18D171E64CB5C00C8205E /* ViewController.swift */; };
		60A18D1B1E64CB5C00C8205E /* Main.storyboard in Resources */ = {isa = PBXBuildFile; fileRef = 60A18D191E64CB5C00C8205E /* Main.storyboard */; };
		60A18D1D1E64CB5C00C8205E /* Assets.xcassets in Resources */ = {isa = PBXBuildFile; fileRef = 60A18D1C1E64CB5C00C8205E /* Assets.xcassets */; };
		60A18D201E64CB5C00C8205E /* LaunchScreen.storyboard in Resources */ = {isa = PBXBuildFile; fileRef = 60A18D1E1E64CB5C00C8205E /* LaunchScreen.storyboard */; };
		60A18D281E64CB6700C8205E /* LocationManager.swift in Sources */ = {isa = PBXBuildFile; fileRef = 60A18D271E64CB6700C8205E /* LocationManager.swift */; };
/* End PBXBuildFile section */

/* Begin PBXFileReference section */
		60A18D121E64CB5C00C8205E /* LocationManager.app */ = {isa = PBXFileReference; explicitFileType = wrapper.application; includeInIndex = 0; path = LocationManager.app; sourceTree = BUILT_PRODUCTS_DIR; };
		60A18D151E64CB5C00C8205E /* AppDelegate.swift */ = {isa = PBXFileReference; lastKnownFileType = sourcecode.swift; path = AppDelegate.swift; sourceTree = "<group>"; };
		60A18D171E64CB5C00C8205E /* ViewController.swift */ = {isa = PBXFileReference; lastKnownFileType = sourcecode.swift; path = ViewController.swift; sourceTree = "<group>"; };
		60A18D1A1E64CB5C00C8205E /* Base */ = {isa = PBXFileReference; lastKnownFileType = file.storyboard; name = Base; path = Base.lproj/Main.storyboard; sourceTree = "<group>"; };
		60A18D1C1E64CB5C00C8205E /* Assets.xcassets */ = {isa = PBXFileReference; lastKnownFileType = folder.assetcatalog; path = Assets.xcassets; sourceTree = "<group>"; };
		60A18D1F1E64CB5C00C8205E /* Base */ = {isa = PBXFileReference; lastKnownFileType = file.storyboard; name = Base; path = Base.lproj/LaunchScreen.storyboard; sourceTree = "<group>"; };
		60A18D211E64CB5C00C8205E /* Info.plist */ = {isa = PBXFileReference; lastKnownFileType = text.plist.xml; path = Info.plist; sourceTree = "<group>"; };
		60A18D271E64CB6700C8205E /* LocationManager.swift */ = {isa = PBXFileReference; fileEncoding = 4; lastKnownFileType = sourcecode.swift; path = LocationManager.swift; sourceTree = "<group>"; };
/* End PBXFileReference section */

/* Begin PBXFrameworksBuildPhase section */
		60A18D0F1E64CB5C00C8205E /* Frameworks */ = {
			isa = PBXFrameworksBuildPhase;
			buildActionMask = 2147483647;
			files = (
			);
			runOnlyForDeploymentPostprocessing = 0;
		};
/* End PBXFrameworksBuildPhase section */

/* Begin PBXGroup section */
		60A18D091E64CB5C00C8205E = {
			isa = PBXGroup;
			children = (
				60A18D141E64CB5C00C8205E /* LocationManager */,
				60A18D131E64CB5C00C8205E /* Products */,
			);
			sourceTree = "<group>";
		};
		60A18D131E64CB5C00C8205E /* Products */ = {
			isa = PBXGroup;
			children = (
				60A18D121E64CB5C00C8205E /* LocationManager.app */,
			);
			name = Products;
			sourceTree = "<group>";
		};
		60A18D141E64CB5C00C8205E /* LocationManager */ = {
			isa = PBXGroup;
			children = (
				60A18D151E64CB5C00C8205E /* AppDelegate.swift */,
				60A18D271E64CB6700C8205E /* LocationManager.swift */,
				60A18D171E64CB5C00C8205E /* ViewController.swift */,
				60A18D191E64CB5C00C8205E /* Main.storyboard */,
				60A18D1C1E64CB5C00C8205E /* Assets.xcassets */,
				60A18D1E1E64CB5C00C8205E /* LaunchScreen.storyboard */,
				60A18D211E64CB5C00C8205E /* Info.plist */,
			);
			path = LocationManager;
			sourceTree = "<group>";
		};
/* End PBXGroup section */

/* Begin PBXNativeTarget section */
		60A18D111E64CB5C00C8205E /* LocationManager */ = {
			isa = PBXNativeTarget;
			buildConfigurationList = 60A18D241E64CB5C00C8205E /* Build configuration list for PBXNativeTarget "LocationManager" */;
			buildPhases = (
				60A18D0E1E64CB5C00C8205E /* Sources */,
				60A18D0F1E64CB5C00C8205E /* Frameworks */,
				60A18D101E64CB5C00C8205E /* Resources */,
			);
			buildRules = (
			);
			dependencies = (
			);
			name = LocationManager;
			productName = LocationManager;
			productReference = 60A18D121E64CB5C00C8205E /* LocationManager.app */;
			productType = "com.apple.product-type.application";
		};
/* End PBXNativeTarget section */

/* Begin PBXProject section */
		60A18D0A1E64CB5C00C8205E /* Project object */ = {
			isa = PBXProject;
			attributes = {
				LastSwiftUpdateCheck = 0820;
				LastUpgradeCheck = 0820;
				ORGANIZATIONNAME = MealButlerClub;
				TargetAttributes = {
					60A18D111E64CB5C00C8205E = {
						CreatedOnToolsVersion = 8.2.1;
						DevelopmentTeam = 99A58D6B2S;
						ProvisioningStyle = Automatic;
					};
				};
			};
			buildConfigurationList = 60A18D0D1E64CB5C00C8205E /* Build configuration list for PBXProject "LocationManager" */;
			compatibilityVersion = "Xcode 3.2";
			developmentRegion = English;
			hasScannedForEncodings = 0;
			knownRegions = (
				en,
				Base,
			);
			mainGroup = 60A18D091E64CB5C00C8205E;
			productRefGroup = 60A18D131E64CB5C00C8205E /* Products */;
			projectDirPath = "";
			projectRoot = "";
			targets = (
				60A18D111E64CB5C00C8205E /* LocationManager */,
			);
		};
/* End PBXProject section */

/* Begin PBXResourcesBuildPhase section */
		60A18D101E64CB5C00C8205E /* Resources */ = {
			isa = PBXResourcesBuildPhase;
			buildActionMask = 2147483647;
			files = (
				60A18D201E64CB5C00C8205E /* LaunchScreen.storyboard in Resources */,
				60A18D1D1E64CB5C00C8205E /* Assets.xcassets in Resources */,
				60A18D1B1E64CB5C00C8205E /* Main.storyboard in Resources */,
			);
			runOnlyForDeploymentPostprocessing = 0;
		};
/* End PBXResourcesBuildPhase section */

/* Begin PBXSourcesBuildPhase section */
		60A18D0E1E64CB5C00C8205E /* Sources */ = {
			isa = PBXSourcesBuildPhase;
			buildActionMask = 2147483647;
			files = (
				60A18D181E64CB5C00C8205E /* ViewController.swift in Sources */,
				60A18D161E64CB5C00C8205E /* AppDelegate.swift in Sources */,
				60A18D281E64CB6700C8205E /* LocationManager.swift in Sources */,
			);
			runOnlyForDeploymentPostprocessing = 0;
		};
/* End PBXSourcesBuildPhase section */

/* Begin PBXVariantGroup section */
		60A18D191E64CB5C00C8205E /* Main.storyboard */ = {
			isa = PBXVariantGroup;
			children = (
				60A18D1A1E64CB5C00C8205E /* Base */,
			);
			name = Main.storyboard;
			sourceTree = "<group>";
		};
		60A18D1E1E64CB5C00C8205E /* LaunchScreen.storyboard */ = {
			isa = PBXVariantGroup;
			children = (
				60A18D1F1E64CB5C00C8205E /* Base */,
			);
			name = LaunchScreen.storyboard;
			sourceTree = "<group>";
		};
/* End PBXVariantGroup section */

/* Begin XCBuildConfiguration section */
		60A18D221E64CB5C00C8205E /* Debug */ = {
			isa = XCBuildConfiguration;
			buildSettings = {
				ALWAYS_SEARCH_USER_PATHS = NO;
				CLANG_ANALYZER_NONNULL = YES;
				CLANG_CXX_LANGUAGE_STANDARD = "gnu++0x";
				CLANG_CXX_LIBRARY = "libc++";
				CLANG_ENABLE_MODULES = YES;
				CLANG_ENABLE_OBJC_ARC = YES;
				CLANG_WARN_BOOL_CONVERSION = YES;
				CLANG_WARN_CONSTANT_CONVERSION = YES;
				CLANG_WARN_DIRECT_OBJC_ISA_USAGE = YES_ERROR;
				CLANG_WARN_DOCUMENTATION_COMMENTS = YES;
				CLANG_WARN_EMPTY_BODY = YES;
				CLANG_WARN_ENUM_CONVERSION = YES;
				CLANG_WARN_INFINITE_RECURSION = YES;
				CLANG_WARN_INT_CONVERSION = YES;
				CLANG_WARN_OBJC_ROOT_CLASS = YES_ERROR;
				CLANG_WARN_SUSPICIOUS_MOVE = YES;
				CLANG_WARN_UNREACHABLE_CODE = YES;
				CLANG_WARN__DUPLICATE_METHOD_MATCH = YES;
				"CODE_SIGN_IDENTITY[sdk=iphoneos*]" = "iPhone Developer";
				COPY_PHASE_STRIP = NO;
				DEBUG_INFORMATION_FORMAT = dwarf;
				ENABLE_STRICT_OBJC_MSGSEND = YES;
				ENABLE_TESTABILITY = YES;
				GCC_C_LANGUAGE_STANDARD = gnu99;
				GCC_DYNAMIC_NO_PIC = NO;
				GCC_NO_COMMON_BLOCKS = YES;
				GCC_OPTIMIZATION_LEVEL = 0;
				GCC_PREPROCESSOR_DEFINITIONS = (
					"DEBUG=1",
					"$(inherited)",
				);
				GCC_WARN_64_TO_32_BIT_CONVERSION = YES;
				GCC_WARN_ABOUT_RETURN_TYPE = YES_ERROR;
				GCC_WARN_UNDECLARED_SELECTOR = YES;
				GCC_WARN_UNINITIALIZED_AUTOS = YES_AGGRESSIVE;
				GCC_WARN_UNUSED_FUNCTION = YES;
				GCC_WARN_UNUSED_VARIABLE = YES;
				IPHONEOS_DEPLOYMENT_TARGET = 10.2;
				MTL_ENABLE_DEBUG_INFO = YES;
				ONLY_ACTIVE_ARCH = YES;
				SDKROOT = iphoneos;
				SWIFT_ACTIVE_COMPILATION_CONDITIONS = DEBUG;
				SWIFT_OPTIMIZATION_LEVEL = "-Onone";
				TARGETED_DEVICE_FAMILY = "1,2";
			};
			name = Debug;
		};
		60A18D231E64CB5C00C8205E /* Release */ = {
			isa = XCBuildConfiguration;
			buildSettings = {
				ALWAYS_SEARCH_USER_PATHS = NO;
				CLANG_ANALYZER_NONNULL = YES;
				CLANG_CXX_LANGUAGE_STANDARD = "gnu++0x";
				CLANG_CXX_LIBRARY = "libc++";
				CLANG_ENABLE_MODULES = YES;
				CLANG_ENABLE_OBJC_ARC = YES;
				CLANG_WARN_BOOL_CONVERSION = YES;
				CLANG_WARN_CONSTANT_CONVERSION = YES;
				CLANG_WARN_DIRECT_OBJC_ISA_USAGE = YES_ERROR;
				CLANG_WARN_DOCUMENTATION_COMMENTS = YES;
				CLANG_WARN_EMPTY_BODY = YES;
				CLANG_WARN_ENUM_CONVERSION = YES;
				CLANG_WARN_INFINITE_RECURSION = YES;
				CLANG_WARN_INT_CONVERSION = YES;
				CLANG_WARN_OBJC_ROOT_CLASS = YES_ERROR;
				CLANG_WARN_SUSPICIOUS_MOVE = YES;
				CLANG_WARN_UNREACHABLE_CODE = YES;
				CLANG_WARN__DUPLICATE_METHOD_MATCH = YES;
				"CODE_SIGN_IDENTITY[sdk=iphoneos*]" = "iPhone Developer";
				COPY_PHASE_STRIP = NO;
				DEBUG_INFORMATION_FORMAT = "dwarf-with-dsym";
				ENABLE_NS_ASSERTIONS = NO;
				ENABLE_STRICT_OBJC_MSGSEND = YES;
				GCC_C_LANGUAGE_STANDARD = gnu99;
				GCC_NO_COMMON_BLOCKS = YES;
				GCC_WARN_64_TO_32_BIT_CONVERSION = YES;
				GCC_WARN_ABOUT_RETURN_TYPE = YES_ERROR;
				GCC_WARN_UNDECLARED_SELECTOR = YES;
				GCC_WARN_UNINITIALIZED_AUTOS = YES_AGGRESSIVE;
				GCC_WARN_UNUSED_FUNCTION = YES;
				GCC_WARN_UNUSED_VARIABLE = YES;
				IPHONEOS_DEPLOYMENT_TARGET = 10.2;
				MTL_ENABLE_DEBUG_INFO = NO;
				SDKROOT = iphoneos;
				SWIFT_OPTIMIZATION_LEVEL = "-Owholemodule";
				TARGETED_DEVICE_FAMILY = "1,2";
				VALIDATE_PRODUCT = YES;
			};
			name = Release;
		};
		60A18D251E64CB5C00C8205E /* Debug */ = {
			isa = XCBuildConfiguration;
			buildSettings = {
				ASSETCATALOG_COMPILER_APPICON_NAME = AppIcon;
				DEVELOPMENT_TEAM = 99A58D6B2S;
				INFOPLIST_FILE = LocationManager/Info.plist;
				LD_RUNPATH_SEARCH_PATHS = "$(inherited) @executable_path/Frameworks";
				PRODUCT_BUNDLE_IDENTIFIER = com.mealbutlerclub.LocationManager;
				PRODUCT_NAME = "$(TARGET_NAME)";
				SWIFT_VERSION = 3.0;
			};
			name = Debug;
		};
		60A18D261E64CB5C00C8205E /* Release */ = {
			isa = XCBuildConfiguration;
			buildSettings = {
				ASSETCATALOG_COMPILER_APPICON_NAME = AppIcon;
				DEVELOPMENT_TEAM = 99A58D6B2S;
				INFOPLIST_FILE = LocationManager/Info.plist;
				LD_RUNPATH_SEARCH_PATHS = "$(inherited) @executable_path/Frameworks";
				PRODUCT_BUNDLE_IDENTIFIER = com.mealbutlerclub.LocationManager;
				PRODUCT_NAME = "$(TARGET_NAME)";
				SWIFT_VERSION = 3.0;
			};
			name = Release;
		};
/* End XCBuildConfiguration section */

/* Begin XCConfigurationList section */
		60A18D0D1E64CB5C00C8205E /* Build configuration list for PBXProject "LocationManager" */ = {
			isa = XCConfigurationList;
			buildConfigurations = (
				60A18D221E64CB5C00C8205E /* Debug */,
				60A18D231E64CB5C00C8205E /* Release */,
			);
			defaultConfigurationIsVisible = 0;
			defaultConfigurationName = Release;
		};
		60A18D241E64CB5C00C8205E /* Build configuration list for PBXNativeTarget "LocationManager" */ = {
			isa = XCConfigurationList;
			buildConfigurations = (
				60A18D251E64CB5C00C8205E /* Debug */,
				60A18D261E64CB5C00C8205E /* Release */,
			);
			defaultConfigurationIsVisible = 0;
		};
/* End XCConfigurationList section */
	};
	rootObject = 60A18D0A1E64CB5C00C8205E /* Project object */;
}
